
Microsoft Visual Studio Solution File, Format Version 12.00
# Visual Studio Version 17
VisualStudioVersion = 17.5.33627.172
MinimumVisualStudioVersion = 10.0.40219.1
Project("{FAE04EC0-301F-11D3-BF4B-00C04F79EFBC}") = "Todo-list", "Todo-list\Todo-list.csproj", "{EBCBE5FC-879A-40DD-BF90-2DAA4E65E65E}"
EndProject
Global
	GlobalSection(SolutionConfigurationPlatforms) = preSolution
		Debug|Any CPU = Debug|Any CPU
		Release|Any CPU = Release|Any CPU
	EndGlobalSection
	GlobalSection(ProjectConfigurationPlatforms) = postSolution
		{EBCBE5FC-879A-40DD-BF90-2DAA4E65E65E}.Debug|Any CPU.ActiveCfg = Debug|Any CPU
		{EBCBE5FC-879A-40DD-BF90-2DAA4E65E65E}.Debug|Any CPU.Build.0 = Debug|Any CPU
		{EBCBE5FC-879A-40DD-BF90-2DAA4E65E65E}.Release|Any CPU.ActiveCfg = Release|Any CPU
		{EBCBE5FC-879A-40DD-BF90-2DAA4E65E65E}.Release|Any CPU.Build.0 = Release|Any CPU
	EndGlobalSection
	GlobalSection(SolutionProperties) = preSolution
		HideSolutionNode = FALSE
	EndGlobalSection
	GlobalSection(ExtensibilityGlobals) = postSolution
		SolutionGuid = {711C5E56-8402-47AF-B86D-751158C65C64}
	EndGlobalSection
EndGlobal
